// !$*UTF8*$!
{
	archiveVersion = 1;
	classes = {
	};
	objectVersion = 46;
	objects = {

/* Begin PBXBuildFile section */
		360D9BF81D58064100D27354 /* AppDelegate.swift in Sources */ = {isa = PBXBuildFile; fileRef = 360D9BF71D58064100D27354 /* AppDelegate.swift */; };
		360D9BFA1D58064100D27354 /* ViewController1.swift in Sources */ = {isa = PBXBuildFile; fileRef = 360D9BF91D58064100D27354 /* ViewController1.swift */; };
		360D9BFD1D58064100D27354 /* Main.storyboard in Resources */ = {isa = PBXBuildFile; fileRef = 360D9BFB1D58064100D27354 /* Main.storyboard */; };
		360D9BFF1D58064100D27354 /* Assets.xcassets in Resources */ = {isa = PBXBuildFile; fileRef = 360D9BFE1D58064100D27354 /* Assets.xcassets */; };
		360D9C021D58064100D27354 /* LaunchScreen.storyboard in Resources */ = {isa = PBXBuildFile; fileRef = 360D9C001D58064100D27354 /* LaunchScreen.storyboard */; };
		360D9C0A1D58065C00D27354 /* LoginViewController.swift in Sources */ = {isa = PBXBuildFile; fileRef = 360D9C091D58065C00D27354 /* LoginViewController.swift */; };
		360D9C0C1D58067300D27354 /* Login.storyboard in Resources */ = {isa = PBXBuildFile; fileRef = 360D9C0B1D58067300D27354 /* Login.storyboard */; };
		360D9C0E1D58070A00D27354 /* ViewController2.swift in Sources */ = {isa = PBXBuildFile; fileRef = 360D9C0D1D58070A00D27354 /* ViewController2.swift */; };
		360D9C101D5833BA00D27354 /* TabBarController.swift in Sources */ = {isa = PBXBuildFile; fileRef = 360D9C0F1D5833BA00D27354 /* TabBarController.swift */; };
/* End PBXBuildFile section */

/* Begin PBXFileReference section */
		360D9BF41D58064000D27354 /* teratail_43601.app */ = {isa = PBXFileReference; explicitFileType = wrapper.application; includeInIndex = 0; path = teratail_43601.app; sourceTree = BUILT_PRODUCTS_DIR; };
		360D9BF71D58064100D27354 /* AppDelegate.swift */ = {isa = PBXFileReference; lastKnownFileType = sourcecode.swift; path = AppDelegate.swift; sourceTree = "<group>"; };
		360D9BF91D58064100D27354 /* ViewController1.swift */ = {isa = PBXFileReference; lastKnownFileType = sourcecode.swift; path = ViewController1.swift; sourceTree = "<group>"; };
		360D9BFC1D58064100D27354 /* Base */ = {isa = PBXFileReference; lastKnownFileType = file.storyboard; name = Base; path = Base.lproj/Main.storyboard; sourceTree = "<group>"; };
		360D9BFE1D58064100D27354 /* Assets.xcassets */ = {isa = PBXFileReference; lastKnownFileType = folder.assetcatalog; path = Assets.xcassets; sourceTree = "<group>"; };
		360D9C011D58064100D27354 /* Base */ = {isa = PBXFileReference; lastKnownFileType = file.storyboard; name = Base; path = Base.lproj/LaunchScreen.storyboard; sourceTree = "<group>"; };
		360D9C031D58064100D27354 /* Info.plist */ = {isa = PBXFileReference; lastKnownFileType = text.plist.xml; path = Info.plist; sourceTree = "<group>"; };
		360D9C091D58065C00D27354 /* LoginViewController.swift */ = {isa = PBXFileReference; fileEncoding = 4; lastKnownFileType = sourcecode.swift; path = LoginViewController.swift; sourceTree = "<group>"; };
		360D9C0B1D58067300D27354 /* Login.storyboard */ = {isa = PBXFileReference; fileEncoding = 4; lastKnownFileType = file.storyboard; path = Login.storyboard; sourceTree = "<group>"; };
		360D9C0D1D58070A00D27354 /* ViewController2.swift */ = {isa = PBXFileReference; fileEncoding = 4; lastKnownFileType = sourcecode.swift; path = ViewController2.swift; sourceTree = "<group>"; };
		360D9C0F1D5833BA00D27354 /* TabBarController.swift */ = {isa = PBXFileReference; fileEncoding = 4; lastKnownFileType = sourcecode.swift; path = TabBarController.swift; sourceTree = "<group>"; };
/* End PBXFileReference section */

/* Begin PBXFrameworksBuildPhase section */
		360D9BF11D58064000D27354 /* Frameworks */ = {
			isa = PBXFrameworksBuildPhase;
			buildActionMask = 2147483647;
			files = (
			);
			runOnlyForDeploymentPostprocessing = 0;
		};
/* End PBXFrameworksBuildPhase section */

/* Begin PBXGroup section */
		360D9BEB1D58064000D27354 = {
			isa = PBXGroup;
			children = (
				360D9BF61D58064100D27354 /* teratail_43601 */,
				360D9BF51D58064000D27354 /* Products */,
			);
			sourceTree = "<group>";
		};
		360D9BF51D58064000D27354 /* Products */ = {
			isa = PBXGroup;
			children = (
				360D9BF41D58064000D27354 /* teratail_43601.app */,
			);
			name = Products;
			sourceTree = "<group>";
		};
		360D9BF61D58064100D27354 /* teratail_43601 */ = {
			isa = PBXGroup;
			children = (
				360D9BF71D58064100D27354 /* AppDelegate.swift */,
				360D9C111D58396200D27354 /* TabBar */,
				360D9C121D58397400D27354 /* Login */,
				360D9C131D58398400D27354 /* Stotyboard */,
				360D9BFE1D58064100D27354 /* Assets.xcassets */,
				360D9C001D58064100D27354 /* LaunchScreen.storyboard */,
				360D9C031D58064100D27354 /* Info.plist */,
			);
			path = teratail_43601;
			sourceTree = "<group>";
		};
		360D9C111D58396200D27354 /* TabBar */ = {
			isa = PBXGroup;
			children = (
				360D9C0F1D5833BA00D27354 /* TabBarController.swift */,
				360D9BF91D58064100D27354 /* ViewController1.swift */,
				360D9C0D1D58070A00D27354 /* ViewController2.swift */,
			);
			name = TabBar;
			sourceTree = "<group>";
		};
		360D9C121D58397400D27354 /* Login */ = {
			isa = PBXGroup;
			children = (
				360D9C091D58065C00D27354 /* LoginViewController.swift */,
			);
			name = Login;
			sourceTree = "<group>";
		};
		360D9C131D58398400D27354 /* Stotyboard */ = {
			isa = PBXGroup;
			children = (
				360D9BFB1D58064100D27354 /* Main.storyboard */,
				360D9C0B1D58067300D27354 /* Login.storyboard */,
			);
			name = Stotyboard;
			sourceTree = "<group>";
		};
/* End PBXGroup section */

/* Begin PBXNativeTarget section */
		360D9BF31D58064000D27354 /* teratail_43601 */ = {
			isa = PBXNativeTarget;
			buildConfigurationList = 360D9C061D58064100D27354 /* Build configuration list for PBXNativeTarget "teratail_43601" */;
			buildPhases = (
				360D9BF01D58064000D27354 /* Sources */,
				360D9BF11D58064000D27354 /* Frameworks */,
				360D9BF21D58064000D27354 /* Resources */,
			);
			buildRules = (
			);
			dependencies = (
			);
			name = teratail_43601;
			productName = teratail_43601;
			productReference = 360D9BF41D58064000D27354 /* teratail_43601.app */;
			productType = "com.apple.product-type.application";
		};
/* End PBXNativeTarget section */

/* Begin PBXProject section */
		360D9BEC1D58064000D27354 /* Project object */ = {
			isa = PBXProject;
			attributes = {
				LastSwiftUpdateCheck = 0730;
				LastUpgradeCheck = 0730;
				ORGANIZATIONNAME = Kentarou;
				TargetAttributes = {
					360D9BF31D58064000D27354 = {
						CreatedOnToolsVersion = 7.3.1;
					};
				};
			};
			buildConfigurationList = 360D9BEF1D58064000D27354 /* Build configuration list for PBXProject "teratail_43601" */;
			compatibilityVersion = "Xcode 3.2";
			developmentRegion = English;
			hasScannedForEncodings = 0;
			knownRegions = (
				en,
				Base,
			);
			mainGroup = 360D9BEB1D58064000D27354;
			productRefGroup = 360D9BF51D58064000D27354 /* Products */;
			projectDirPath = "";
			projectRoot = "";
			targets = (
				360D9BF31D58064000D27354 /* teratail_43601 */,
			);
		};
/* End PBXProject section */

/* Begin PBXResourcesBuildPhase section */
		360D9BF21D58064000D27354 /* Resources */ = {
			isa = PBXResourcesBuildPhase;
			buildActionMask = 2147483647;
			files = (
				360D9C0C1D58067300D27354 /* Login.storyboard in Resources */,
				360D9C021D58064100D27354 /* LaunchScreen.storyboard in Resources */,
				360D9BFF1D58064100D27354 /* Assets.xcassets in Resources */,
				360D9BFD1D58064100D27354 /* Main.storyboard in Resources */,
			);
			runOnlyForDeploymentPostprocessing = 0;
		};
/* End PBXResourcesBuildPhase section */

/* Begin PBXSourcesBuildPhase section */
		360D9BF01D58064000D27354 /* Sources */ = {
			isa = PBXSourcesBuildPhase;
			buildActionMask = 2147483647;
			files = (
				360D9C0A1D58065C00D27354 /* LoginViewController.swift in Sources */,
				360D9C0E1D58070A00D27354 /* ViewController2.swift in Sources */,
				360D9BFA1D58064100D27354 /* ViewController1.swift in Sources */,
				360D9C101D5833BA00D27354 /* TabBarController.swift in Sources */,
				360D9BF81D58064100D27354 /* AppDelegate.swift in Sources */,
			);
			runOnlyForDeploymentPostprocessing = 0;
		};
/* End PBXSourcesBuildPhase section */

/* Begin PBXVariantGroup section */
		360D9BFB1D58064100D27354 /* Main.storyboard */ = {
			isa = PBXVariantGroup;
			children = (
				360D9BFC1D58064100D27354 /* Base */,
			);
			name = Main.storyboard;
			sourceTree = "<group>";
		};
		360D9C001D58064100D27354 /* LaunchScreen.storyboard */ = {
			isa = PBXVariantGroup;
			children = (
				360D9C011D58064100D27354 /* Base */,
			);
			name = LaunchScreen.storyboard;
			sourceTree = "<group>";
		};
/* End PBXVariantGroup section */

/* Begin XCBuildConfiguration section */
		360D9C041D58064100D27354 /* Debug */ = {
			isa = XCBuildConfiguration;
			buildSettings = {
				ALWAYS_SEARCH_USER_PATHS = NO;
				CLANG_ANALYZER_NONNULL = YES;
				CLANG_CXX_LANGUAGE_STANDARD = "gnu++0x";
				CLANG_CXX_LIBRARY = "libc++";
				CLANG_ENABLE_MODULES = YES;
				CLANG_ENABLE_OBJC_ARC = YES;
				CLANG_WARN_BOOL_CONVERSION = YES;
				CLANG_WARN_CONSTANT_CONVERSION = YES;
				CLANG_WARN_DIRECT_OBJC_ISA_USAGE = YES_ERROR;
				CLANG_WARN_EMPTY_BODY = YES;
				CLANG_WARN_ENUM_CONVERSION = YES;
				CLANG_WARN_INT_CONVERSION = YES;
				CLANG_WARN_OBJC_ROOT_CLASS = YES_ERROR;
				CLANG_WARN_UNREACHABLE_CODE = YES;
				CLANG_WARN__DUPLICATE_METHOD_MATCH = YES;
				"CODE_SIGN_IDENTITY[sdk=iphoneos*]" = "iPhone Developer";
				COPY_PHASE_STRIP = NO;
				DEBUG_INFORMATION_FORMAT = dwarf;
				ENABLE_STRICT_OBJC_MSGSEND = YES;
				ENABLE_TESTABILITY = YES;
				GCC_C_LANGUAGE_STANDARD = gnu99;
				GCC_DYNAMIC_NO_PIC = NO;
				GCC_NO_COMMON_BLOCKS = YES;
				GCC_OPTIMIZATION_LEVEL = 0;
				GCC_PREPROCESSOR_DEFINITIONS = (
					"DEBUG=1",
					"$(inherited)",
				);
				GCC_WARN_64_TO_32_BIT_CONVERSION = YES;
				GCC_WARN_ABOUT_RETURN_TYPE = YES_ERROR;
				GCC_WARN_UNDECLARED_SELECTOR = YES;
				GCC_WARN_UNINITIALIZED_AUTOS = YES_AGGRESSIVE;
				GCC_WARN_UNUSED_FUNCTION = YES;
				GCC_WARN_UNUSED_VARIABLE = YES;
				IPHONEOS_DEPLOYMENT_TARGET = 9.3;
				MTL_ENABLE_DEBUG_INFO = YES;
				ONLY_ACTIVE_ARCH = YES;
				SDKROOT = iphoneos;
				SWIFT_OPTIMIZATION_LEVEL = "-Onone";
			};
			name = Debug;
		};
		360D9C051D58064100D27354 /* Release */ = {
			isa = XCBuildConfiguration;
			buildSettings = {
				ALWAYS_SEARCH_USER_PATHS = NO;
				CLANG_ANALYZER_NONNULL = YES;
				CLANG_CXX_LANGUAGE_STANDARD = "gnu++0x";
				CLANG_CXX_LIBRARY = "libc++";
				CLANG_ENABLE_MODULES = YES;
				CLANG_ENABLE_OBJC_ARC = YES;
				CLANG_WARN_BOOL_CONVERSION = YES;
				CLANG_WARN_CONSTANT_CONVERSION = YES;
				CLANG_WARN_DIRECT_OBJC_ISA_USAGE = YES_ERROR;
				CLANG_WARN_EMPTY_BODY = YES;
				CLANG_WARN_ENUM_CONVERSION = YES;
				CLANG_WARN_INT_CONVERSION = YES;
				CLANG_WARN_OBJC_ROOT_CLASS = YES_ERROR;
				CLANG_WARN_UNREACHABLE_CODE = YES;
				CLANG_WARN__DUPLICATE_METHOD_MATCH = YES;
				"CODE_SIGN_IDENTITY[sdk=iphoneos*]" = "iPhone Developer";
				COPY_PHASE_STRIP = NO;
				DEBUG_INFORMATION_FORMAT = "dwarf-with-dsym";
				ENABLE_NS_ASSERTIONS = NO;
				ENABLE_STRICT_OBJC_MSGSEND = YES;
				GCC_C_LANGUAGE_STANDARD = gnu99;
				GCC_NO_COMMON_BLOCKS = YES;
				GCC_WARN_64_TO_32_BIT_CONVERSION = YES;
				GCC_WARN_ABOUT_RETURN_TYPE = YES_ERROR;
				GCC_WARN_UNDECLARED_SELECTOR = YES;
				GCC_WARN_UNINITIALIZED_AUTOS = YES_AGGRESSIVE;
				GCC_WARN_UNUSED_FUNCTION = YES;
				GCC_WARN_UNUSED_VARIABLE = YES;
				IPHONEOS_DEPLOYMENT_TARGET = 9.3;
				MTL_ENABLE_DEBUG_INFO = NO;
				SDKROOT = iphoneos;
				VALIDATE_PRODUCT = YES;
			};
			name = Release;
		};
		360D9C071D58064100D27354 /* Debug */ = {
			isa = XCBuildConfiguration;
			buildSettings = {
				ASSETCATALOG_COMPILER_APPICON_NAME = AppIcon;
				INFOPLIST_FILE = teratail_43601/Info.plist;
				LD_RUNPATH_SEARCH_PATHS = "$(inherited) @executable_path/Frameworks";
				PRODUCT_BUNDLE_IDENTIFIER = "me.kentarou.teratail-43601";
				PRODUCT_NAME = "$(TARGET_NAME)";
			};
			name = Debug;
		};
		360D9C081D58064100D27354 /* Release */ = {
			isa = XCBuildConfiguration;
			buildSettings = {
				ASSETCATALOG_COMPILER_APPICON_NAME = AppIcon;
				INFOPLIST_FILE = teratail_43601/Info.plist;
				LD_RUNPATH_SEARCH_PATHS = "$(inherited) @executable_path/Frameworks";
				PRODUCT_BUNDLE_IDENTIFIER = "me.kentarou.teratail-43601";
				PRODUCT_NAME = "$(TARGET_NAME)";
			};
			name = Release;
		};
/* End XCBuildConfiguration section */

/* Begin XCConfigurationList section */
		360D9BEF1D58064000D27354 /* Build configuration list for PBXProject "teratail_43601" */ = {
			isa = XCConfigurationList;
			buildConfigurations = (
				360D9C041D58064100D27354 /* Debug */,
				360D9C051D58064100D27354 /* Release */,
			);
			defaultConfigurationIsVisible = 0;
			defaultConfigurationName = Release;
		};
		360D9C061D58064100D27354 /* Build configuration list for PBXNativeTarget "teratail_43601" */ = {
			isa = XCConfigurationList;
			buildConfigurations = (
				360D9C071D58064100D27354 /* Debug */,
				360D9C081D58064100D27354 /* Release */,
			);
			defaultConfigurationIsVisible = 0;
		};
/* End XCConfigurationList section */
	};
	rootObject = 360D9BEC1D58064000D27354 /* Project object */;
}
